
Microsoft Visual Studio Solution File, Format Version 12.00
# Visual Studio Version 16
VisualStudioVersion = 16.0.30804.86
MinimumVisualStudioVersion = 10.0.40219.1
Project("{FAE04EC0-301F-11D3-BF4B-00C04F79EFBC}") = "CentralRepoSumulation", "CentralRepoSumulation\CentralRepoSumulation.csproj", "{5C5ADA9B-7017-4F2A-AF97-B9E1C20E1CE1}"
EndProject
Global
	GlobalSection(SolutionConfigurationPlatforms) = preSolution
		Debug|Any CPU = Debug|Any CPU
		Release|Any CPU = Release|Any CPU
	EndGlobalSection
	GlobalSection(ProjectConfigurationPlatforms) = postSolution
		{5C5ADA9B-7017-4F2A-AF97-B9E1C20E1CE1}.Debug|Any CPU.ActiveCfg = Debug|Any CPU
		{5C5ADA9B-7017-4F2A-AF97-B9E1C20E1CE1}.Debug|Any CPU.Build.0 = Debug|Any CPU
		{5C5ADA9B-7017-4F2A-AF97-B9E1C20E1CE1}.Release|Any CPU.ActiveCfg = Release|Any CPU
		{5C5ADA9B-7017-4F2A-AF97-B9E1C20E1CE1}.Release|Any CPU.Build.0 = Release|Any CPU
	EndGlobalSection
	GlobalSection(SolutionProperties) = preSolution
		HideSolutionNode = FALSE
	EndGlobalSection
	GlobalSection(ExtensibilityGlobals) = postSolution
		SolutionGuid = {37FEDBE3-573B-4581-8B79-F89BFDBAA42B}
	EndGlobalSection
EndGlobal
